{
  "name": "bpmn-js-docker",
  "version": "1.0.0",
  "lockfileVersion": 3,
  "requires": true,
  "packages": {
    "": {
      "name": "bpmn-js-docker",
      "version": "1.0.0",
      "license": "ISC",
      "dependencies": {
        "bpmn-js": "^18.1.2"
      }
    },
    "node_modules/@bpmn-io/diagram-js-ui": {
      "version": "0.2.3",
      "resolved": "https://registry.npmjs.org/@bpmn-io/diagram-js-ui/-/diagram-js-ui-0.2.3.tgz",
      "integrity": "sha512-OGyjZKvGK8tHSZ0l7RfeKhilGoOGtFDcoqSGYkX0uhFlo99OVZ9Jn1K7TJGzcE9BdKwvA5Y5kGqHEhdTxHvFfw==",
      "dependencies": {
        "htm": "^3.1.1",
        "preact": "^10.11.2"
      }
    },
    "node_modules/bpmn-js": {
      "version": "18.1.2",
      "resolved": "https://registry.npmjs.org/bpmn-js/-/bpmn-js-18.1.2.tgz",
      "integrity": "sha512-GtD/Zyu5foh+S74/PNNBs0ys1yiQb6LSuQjbUIzsCssNkbI/3IJH9k7y7AdRrZFoci+oFSeCRTwSCldZSPMpKw==",
      "dependencies": {
        "bpmn-moddle": "^9.0.1",
        "diagram-js": "^15.2.4",
        "diagram-js-direct-editing": "^3.2.0",
        "ids": "^1.0.5",
        "inherits-browser": "^0.1.0",
        "min-dash": "^4.1.1",
        "min-dom": "^4.2.1",
        "tiny-svg": "^3.1.2"
      },
      "engines": {
        "node": "*"
      }
    },
    "node_modules/bpmn-moddle": {
      "version": "9.0.1",
      "resolved": "https://registry.npmjs.org/bpmn-moddle/-/bpmn-moddle-9.0.1.tgz",
      "integrity": "sha512-jO2P5RBx0cZCCd+imqhpNE5anttaYuGd71u76NEA/qMZwJSW1t5ETAtw9/E2InfiPU2w0TR8oxPyopJXRc9VQg==",
      "dependencies": {
        "min-dash": "^4.2.1",
        "moddle": "^7.0.0",
        "moddle-xml": "^11.0.0"
      },
      "engines": {
        "node": ">= 18"
      }
    },
    "node_modules/clsx": {
      "version": "2.1.1",
      "resolved": "https://registry.npmjs.org/clsx/-/clsx-2.1.1.tgz",
      "integrity": "sha512-eYm0QWBtUrBWZWG0d386OGAw16Z995PiOVo2B7bjWSbHedGl5e0ZWaq65kOGgUSNesEIDkB9ISbTg/JK9dhCZA==",
      "engines": {
        "node": ">=6"
      }
    },
    "node_modules/component-event": {
      "version": "0.2.1",
      "resolved": "https://registry.npmjs.org/component-event/-/component-event-0.2.1.tgz",
      "integrity": "sha512-wGA++isMqiDq1jPYeyv2as/Bt/u+3iLW0rEa+8NQ82jAv3TgqMiCM+B2SaBdn2DfLilLjjq736YcezihRYhfxw=="
    },
    "node_modules/diagram-js": {
      "version": "15.2.4",
      "resolved": "https://registry.npmjs.org/diagram-js/-/diagram-js-15.2.4.tgz",
      "integrity": "sha512-8v0U8AY6a5Vd6Cys5MdN7+yYRhs294/Q4ixkER/3v2ZPSbVCnK9XfbeYbB5QQfoCMkBnY7WBbLbcjvRNHTxnpw==",
      "dependencies": {
        "@bpmn-io/diagram-js-ui": "^0.2.3",
        "clsx": "^2.1.0",
        "didi": "^10.2.2",
        "inherits-browser": "^0.1.0",
        "min-dash": "^4.1.0",
        "min-dom": "^4.2.1",
        "object-refs": "^0.4.0",
        "path-intersection": "^3.0.0",
        "tiny-svg": "^3.1.2"
      },
      "engines": {
        "node": "*"
      }
    },
    "node_modules/diagram-js-direct-editing": {
      "version": "3.2.0",
      "resolved": "https://registry.npmjs.org/diagram-js-direct-editing/-/diagram-js-direct-editing-3.2.0.tgz",
      "integrity": "sha512-+pyxeQGBSdLiZX0/tmmsm2qZSvm9YtVzod5W3RMHSTR7VrkUMD6E7EX/W9JQv3ebxO7oIdqFmytmNDDpSHnYEw==",
      "dependencies": {
        "min-dash": "^4.0.0",
        "min-dom": "^4.2.1"
      },
      "engines": {
        "node": "*"
      },
      "peerDependencies": {
        "diagram-js": "*"
      }
    },
    "node_modules/didi": {
      "version": "10.2.2",
      "resolved": "https://registry.npmjs.org/didi/-/didi-10.2.2.tgz",
      "integrity": "sha512-l8NYkYFXV1izHI65EyT8EXOjUZtKmQkHLTT89cSP7HU5J/G7AOj0dXKtLc04EXYlga99PBY18IPjOeZ+c3DI4w==",
      "engines": {
        "node": ">= 16"
      }
    },
    "node_modules/domify": {
      "version": "1.4.2",
      "resolved": "https://registry.npmjs.org/domify/-/domify-1.4.2.tgz",
      "integrity": "sha512-m4yreHcUWHBncGVV7U+yQzc12vIlq0jMrtHZ5mW6dQMiL/7skSYNVX9wqKwOtyO9SGCgevrAFEgOCAHmamHTUA==",
      "funding": {
        "url": "https://github.com/sponsors/sindresorhus"
      }
    },
    "node_modules/htm": {
      "version": "3.1.1",
      "resolved": "https://registry.npmjs.org/htm/-/htm-3.1.1.tgz",
      "integrity": "sha512-983Vyg8NwUE7JkZ6NmOqpCZ+sh1bKv2iYTlUkzlWmA5JD2acKoxd4KVxbMmxX/85mtfdnDmTFoNKcg5DGAvxNQ=="
    },
    "node_modules/ids": {
      "version": "1.0.5",
      "resolved": "https://registry.npmjs.org/ids/-/ids-1.0.5.tgz",
      "integrity": "sha512-XQ0yom/4KWTL29sLG+tyuycy7UmeaM/79GRtSJq6IG9cJGIPeBz5kwDCguie3TwxaMNIc3WtPi0cTa1XYHicpw=="
    },
    "node_modules/inherits-browser": {
      "version": "0.1.0",
      "resolved": "https://registry.npmjs.org/inherits-browser/-/inherits-browser-0.1.0.tgz",
      "integrity": "sha512-CJHHvW3jQ6q7lzsXPpapLdMx5hDpSF3FSh45pwsj6bKxJJ8Nl8v43i5yXnr3BdfOimGHKyniewQtnAIp3vyJJw=="
    },
    "node_modules/min-dash": {
      "version": "4.2.2",
      "resolved": "https://registry.npmjs.org/min-dash/-/min-dash-4.2.2.tgz",
      "integrity": "sha512-qbhSYUxk6mBaF096B3JOQSumXbKWHenmT97cSpdNzgkWwGjhjhE/KZODCoDNhI2I4C9Cb6R/Q13S4BYkUSXoXQ=="
    },
    "node_modules/min-dom": {
      "version": "4.2.1",
      "resolved": "https://registry.npmjs.org/min-dom/-/min-dom-4.2.1.tgz",
      "integrity": "sha512-TMoL8SEEIhUWYgkj7XMSgxmwSyGI+4fP2KFFGnN3FbHfbGHVdsLYSz8LoIsgPhz4dWRmLvxWWSMgzZMJW5sZuA==",
      "dependencies": {
        "component-event": "^0.2.1",
        "domify": "^1.4.1",
        "min-dash": "^4.2.1"
      }
    },
    "node_modules/moddle": {
      "version": "7.2.0",
      "resolved": "https://registry.npmjs.org/moddle/-/moddle-7.2.0.tgz",
      "integrity": "sha512-x1+JREThy7JBOBR3g2hbOnOfrlC/YAWXX9RzrSZS5HhqeuBly9H/PCtOBtcQs+Y2sjRAXF+WTNSgHvn8Uq+6Yw==",
      "dependencies": {
        "min-dash": "^4.2.1"
      }
    },
    "node_modules/moddle-xml": {
      "version": "11.0.0",
      "resolved": "https://registry.npmjs.org/moddle-xml/-/moddle-xml-11.0.0.tgz",
      "integrity": "sha512-L3Sseepfcq9Uy0iIfqEDTXSoYLva1Y/JGbN/4AMOeQ6cqbu8Ma/SDJIdOFm7smsAa64j2z3SwCGG3FIilQVnUg==",
      "dependencies": {
        "min-dash": "^4.0.0",
        "saxen": "^10.0.0"
      },
      "engines": {
        "node": ">= 18"
      },
      "peerDependencies": {
        "moddle": ">= 6.2.0"
      }
    },
    "node_modules/object-refs": {
      "version": "0.4.0",
      "resolved": "https://registry.npmjs.org/object-refs/-/object-refs-0.4.0.tgz",
      "integrity": "sha512-6kJqKWryKZmtte6QYvouas0/EIJKPI1/MMIuRsiBlNuhIMfqYTggzX2F1AJ2+cDs288xyi9GL7FyasHINR98BQ==",
      "engines": {
        "node": "*"
      }
    },
    "node_modules/path-intersection": {
      "version": "3.1.0",
      "resolved": "https://registry.npmjs.org/path-intersection/-/path-intersection-3.1.0.tgz",
      "integrity": "sha512-3xS3lvv/vuwm5aH2BVvNRvnvwR2Drde7jQClKpCXTYXIMMjcw/EnMhzCgeHwqbCpzi760PEfAkU53vSIlrNr9A==",
      "engines": {
        "node": ">= 14.20"
      }
    },
    "node_modules/preact": {
      "version": "10.25.4",
      "resolved": "https://registry.npmjs.org/preact/-/preact-10.25.4.tgz",
      "integrity": "sha512-jLdZDb+Q+odkHJ+MpW/9U5cODzqnB+fy2EiHSZES7ldV5LK7yjlVzTp7R8Xy6W6y75kfK8iWYtFVH7lvjwrCMA==",
      "funding": {
        "type": "opencollective",
        "url": "https://opencollective.com/preact"
      }
    },
    "node_modules/saxen": {
      "version": "10.0.0",
      "resolved": "https://registry.npmjs.org/saxen/-/saxen-10.0.0.tgz",
      "integrity": "sha512-RXsmWok/SAWqOG/f5ADEz51DN9WtZEzqih3e08ranldcaXekxjx8NBKjGh/y5hlowjo0JH/LekBu6gtPFD1G6g==",
      "engines": {
        "node": ">= 18"
      }
    },
    "node_modules/tiny-svg": {
      "version": "3.1.3",
      "resolved": "https://registry.npmjs.org/tiny-svg/-/tiny-svg-3.1.3.tgz",
      "integrity": "sha512-9mwnPqXInRsBmH/DO6NMxBE++9LsqpVXQSSTZGc5bomoKKvL5OX/Hlotw7XVXP6XLRcHWIzZpxfovGqWKgCypQ=="
    }
  }
}
